github.com/benbjohnson/clock v1.1.0 h1:Q92kusRqC1XV2MjkWETPvjJVqKetz1OzxZB7mHJLju8=
github.com/davecgh/go-spew v1.1.1 h1:vj9j/u1bqnvCEfJOwUhtlOARqs3+rkHYY13jYWTU97c=
github.com/goccy/go-json v0.10.0 h1:mXKd9Qw4NuzShiRlOXKews24ufknHO7gx30lsDyokKA=
github.com/goccy/go-json v0.10.0/go.mod h1:6MelG93GURQebXPDq3khkgXZkazVtN9CRI+MGFi0w8I=
github.com/golang/protobuf v1.5.2 h1:ROPKBNFfQgOUMifHyP+KYbvpjbdoFNs+aK7DXlji0Tw=
github.com/google/uuid v1.3.0 h1:t6JiXgmwXMjEs8VusXIJk2BXHsn+wx8BZdTaoZ5fu7I=
github.com/google/uuid v1.3.0/go.mod h1:TIyPZe4MgqvfeYDBFedMoGGpEw/LqOeaOT+nhxU+yHo=
github.com/klauspost/compress v1.15.9 h1:wKRjX6JRtDdrE9qwa4b/Cip7ACOshUI4smpCQanqjSY=
github.com/klauspost/compress v1.15.9/go.mod h1:PhcZ0MbTNciWF3rruxRgKxI5NkcHHrHUDtV4Yw2GlzU=
github.com/minio/highwayhash v1.0.2 h1:Aak5U0nElisjDCfPSG79Tgzkn2gl66NxOMspRrKnA/g=
github.com/nats-io/jwt/v2 v2.2.1-0.20220113022732-58e87895b296 h1:vU9tpM3apjYlLLeY23zRWJ9Zktr5jp+mloR942LEOpY=
github.com/nats-io/nats-server/v2 v2.7.4 h1:c+BZJ3rGzUKCBIM4IXO8uNT2u1vajGbD1kPA6wqCEaM=
github.com/nats-io/nats-server/v2 v2.7.4/go.mod h1:1vZ2Nijh8tcyNe8BDVyTviCd9NYzRbubQYiEHsvOQWc=
github.com/nats-io/nats.go v1.22.1 h1:XzfqDspY0RNufzdrB8c4hFR+R3dahkxlpWe5+IWJzbE=
github.com/nats-io/nats.go v1.22.1/go.mod h1:tLqubohF7t4z3du1QDPYJIQQyhb4wl6DhjxEajSI7UA=
github.com/nats-io/nkeys v0.3.0 h1:cgM5tL53EvYRU+2YLXIK0G2mJtK12Ft9oeooSZMA2G8=
github.com/nats-io/nkeys v0.3.0/go.mod h1:gvUNGjVcM2IPr5rCsRsC6Wb3Hr2CQAm08dsxtV6A5y4=
github.com/nats-io/nuid v1.0.1 h1:5iA8DT8V7q8WK2EScv2padNa/rTESc1KdnPw4TC2paw=
github.com/nats-io/nuid v1.0.1/go.mod h1:19wcPz3Ph3q0Jbyiqsd0kePYG7A95tJPxeL+1OSON2c=
github.com/pkg/errors v0.8.1 h1:iURUrRGxPUNPdy5/HRSm+Yj6okJ6UtLINN0Q9M4+h3I=
github.com/pmezard/go-difflib v1.0.0 h1:4DBwDE0NGyQoBHbLQYPwSUPoCMWR5BEzIk/f1lZbAQM=
github.com/roadrunner-server/api/v3 v3.1.2 h1:IgBUajBktfH9hyNFxdPQ3bXgzU8SCurTx9LUFf95kns=
github.com/roadrunner-server/api/v3 v3.1.2/go.mod h1:hlv546SS3tZVIDu68YekPCLS/82Y/AoS8Eu5xysvwBQ=
github.com/roadrunner-server/errors v1.2.0 h1:qBmNXt8Iex9QnYTjCkbJKsBZu2EtYkQCM06GUDcQBbI=
github.com/roadrunner-server/errors v1.2.0/go.mod h1:z0ECxZp/dDa5RahtMcy4mBIavVxiZ9vwE5kByl7kFtY=
github.com/roadrunner-server/sdk/v3 v3.1.0 h1:I556oM8cDYiB/aKpjNiK8He4uxBic8KgGvvtQ/2x/s8=
github.com/roadrunner-server/sdk/v3 v3.1.0/go.mod h1:QeOgYCxoNYUl2OLHsGj17hY+WrCaFuJ/rO1qQbj1SzM=
github.com/roadrunner-server/tcplisten v1.2.1 h1:9hVVMlCRvMPewnJCnfSe/kKAqn2ZOF3wHy+ji0M/NKU=
github.com/roadrunner-server/tcplisten v1.2.1/go.mod h1:TRJLGwIruiJ7QhmGVRgJFY5Ch72mPoLhLAxuxLnavpU=
github.com/stretchr/testify v1.8.1 h1:w7B6lhMri9wdJUVmEZPGGhZzrYTPvgJArz7wNPgYKsk=
go.uber.org/atomic v1.10.0 h1:9qC72Qh0+3MqyJbAn8YU5xVq1frD8bn3JtD2oXtafVQ=
go.uber.org/atomic v1.10.0/go.mod h1:LUxbIzbOniOlMKjJjyPfpl4v+PKK2cNJn91OQbhoJI0=
go.uber.org/goleak v1.1.11 h1:wy28qYRKZgnJTxGxvye5/wgWr1EKjmUDGYox5mGlRlI=
go.uber.org/multierr v1.9.0 h1:7fIwc/ZtS0q++VgcfqFDxSBZVv/Xo49/SYnDFupUwlI=
go.uber.org/multierr v1.9.0/go.mod h1:X2jQV1h+kxSjClGpnseKVIxpmcjrj7MNnI0bnlfKTVQ=
go.uber.org/zap v1.24.0 h1:FiJd5l1UOLj0wCgbSE0rwwXHzEdAZS6hiiSnxJN/D60=
go.uber.org/zap v1.24.0/go.mod h1:2kMP+WWQ8aoFoedH3T2sq6iJ2yDWpHbP0f6MQbS9Gkg=
golang.org/x/crypto v0.0.0-20210314154223-e6e6c4f2bb5b/go.mod h1:T9bdIzuCu7OtxOm1hfPfRQxPLYneinmdGuTeoZ9dtd4=
golang.org/x/crypto v0.5.0 h1:U/0M97KRkSFvyD/3FSmdP5W5swImpNgle/EHFhOsQPE=
golang.org/x/crypto v0.5.0/go.mod h1:NK/OQwhpMQP3MwtdjgLlYHnH9ebylxKWv3e0fK+mkQU=
golang.org/x/net v0.0.0-20210226172049-e18ecbb05110/go.mod h1:m0MpNAwzfU5UDzcl9v0D8zg8gWTRqZa9RBIspLL5mdg=
golang.org/x/sys v0.0.0-20201119102817-f84b799fce68/go.mod h1:h1NjWce9XRLGQEsW7wpKNCjG9DtNlClVuFLEZdDNbEs=
golang.org/x/sys v0.4.0 h1:Zr2JFtRQNX3BCZ8YtxRE9hNJYC8J6I1MVbMg6owUp18=
golang.org/x/term v0.0.0-20201126162022-7de9c90e9dd1/go.mod h1:bj7SfCRtBDWHUb9snDiAeCFNEtKQo2Wmx5Cou7ajbmo=
golang.org/x/text v0.3.3/go.mod h1:5Zoc/QRtKVWzQhOtBMvqHzDpF6irO9z98xDceosuGiQ=
golang.org/x/time v0.0.0-20211116232009-f0f3c7e86c11 h1:GZokNIeuVkl3aZHJchRrr13WCsols02MLUcz1U9is6M=
golang.org/x/tools v0.0.0-20180917221912-90fa682c2a6e/go.mod h1:n7NCudcB/nEzxVGmLbDWY5pfWTLqBcC2KZ6jyYvM4mQ=
google.golang.org/protobuf v1.28.1 h1:d0NfwRgPtno5B1Wa6L2DAG+KivqkdutMf1UhdNx175w=
gopkg.in/yaml.v3 v3.0.1 h1:fxVm/GzAzEWqLHuvctI91KS9hhNmmWOoWu0XTYJS7CA=
