github.com/davecgh/go-spew v1.1.2-0.20180830191138-d8f796af33cc h1:U9qPSI2PIWSS1VwoXQT9A3Wy9MM3WgvqSxFWenqJduM=
github.com/davecgh/go-spew v1.1.2-0.20180830191138-d8f796af33cc/go.mod h1:J7Y8YcW2NihsgmVo/mv3lAwl/skON4iLHjSsI+c5H38=
github.com/go-logr/logr v1.2.2/go.mod h1:jdQByPbusPIv2/zmleS9BjJVeZ6kBagPoEUsqbVz/1A=
github.com/go-logr/logr v1.4.2 h1:6pFjapn8bFcIbiKo3XT4j/BhANplGihG6tvd+8rYgrY=
github.com/go-logr/logr v1.4.2/go.mod h1:9T104GzyrTigFIr8wt5mBrctHMim0Nb2HLGrmQ40KvY=
github.com/go-logr/stdr v1.2.2 h1:hSWxHoqTgW2S2qGc0LTAI563KZ5YKYRhT3MFKZMbjag=
github.com/go-logr/stdr v1.2.2/go.mod h1:mMo/vtBO5dYbehREoey6XUKy/eSumjCCveDpRre4VKE=
github.com/goccy/go-json v0.10.5 h1:Fq85nIqj+gXn/S5ahsiTlK3TmC85qgirsdTP/+DeaC4=
github.com/goccy/go-json v0.10.5/go.mod h1:oq7eo15ShAhp70Anwd5lgX2pLfOS3QCiwU/PULtXL6M=
github.com/google/go-cmp v0.7.0 h1:wk8382ETsv4JYUZwIsn6YpYiWiBsYLSJiTsyBybVuN8=
github.com/google/go-cmp v0.7.0/go.mod h1:pXiqmnSA92OHEEa9HXL2W4E7lf9JzCmGVUdgjX3N/iU=
github.com/google/uuid v1.6.0 h1:NIvaJDMOsjHA8n1jAhLSgzrAzy1Hgr+hNrb57e+94F0=
github.com/google/uuid v1.6.0/go.mod h1:TIyPZe4MgqvfeYDBFedMoGGpEw/LqOeaOT+nhxU+yHo=
github.com/klauspost/compress v1.18.0 h1:c/Cqfb0r+Yi+JtIEq73FWXVkRonBlf0CRNYc8Zttxdo=
github.com/klauspost/compress v1.18.0/go.mod h1:2Pp+KzxcywXVXMr50+X0Q/Lsb43OQHYWRCY2AiWywWQ=
github.com/nats-io/nats.go v1.42.0 h1:ynIMupIOvf/ZWH/b2qda6WGKGNSjwOUutTpWRvAmhaM=
github.com/nats-io/nats.go v1.42.0/go.mod h1:iRWIPokVIFbVijxuMQq4y9ttaBTMe0SFdlZfMDd+33g=
github.com/nats-io/nkeys v0.4.11 h1:q44qGV008kYd9W1b1nEBkNzvnWxtRSQ7A8BoqRrcfa0=
github.com/nats-io/nkeys v0.4.11/go.mod h1:szDimtgmfOi9n25JpfIdGw12tZFYXqhGxjhVxsatHVE=
github.com/nats-io/nuid v1.0.1 h1:5iA8DT8V7q8WK2EScv2padNa/rTESc1KdnPw4TC2paw=
github.com/nats-io/nuid v1.0.1/go.mod h1:19wcPz3Ph3q0Jbyiqsd0kePYG7A95tJPxeL+1OSON2c=
github.com/pmezard/go-difflib v1.0.1-0.20181226105442-5d4384ee4fb2 h1:Jamvg5psRIccs7FGNTlIRMkT8wgtp5eCXdBlqhYGL6U=
github.com/pmezard/go-difflib v1.0.1-0.20181226105442-5d4384ee4fb2/go.mod h1:iKH77koFhYxTK1pcRnkKkqfTogsbg7gZNVY4sRDYZ/4=
github.com/roadrunner-server/api/v4 v4.20.0 h1:/KzzkIErTZOCPL45vfE/JBN308QzsRIv7jgiCI9F+rI=
github.com/roadrunner-server/api/v4 v4.20.0/go.mod h1:XOcFp2aTQGo0per+Y0MXLhVNBYnDgc9sOMQb4KU1X7M=
github.com/roadrunner-server/endure/v2 v2.6.1 h1:vx+3ayn8HXnyeCcjKWwe+DfPrwL5sOQobugzCId4F7k=
github.com/roadrunner-server/endure/v2 v2.6.1/go.mod h1:1rfvKpSzUW774T3yHm3IEHPQ3SX/lU/ZTYQykfzqMF0=
github.com/roadrunner-server/errors v1.4.1 h1:LKNeaCGiwd3t8IaL840ZNF3UA9yDQlpvHnKddnh0YRQ=
github.com/roadrunner-server/errors v1.4.1/go.mod h1:qeffnIKG0e4j1dzGpa+OGY5VKSfMphizvqWIw8s2lAo=
github.com/stretchr/testify v1.10.0 h1:Xv5erBjTwe/5IxqUQTdXv5kgmIvbHo3QQyRwhJsOfJA=
github.com/stretchr/testify v1.10.0/go.mod h1:r2ic/lqez/lEtzL7wO/rwa5dbSLXVDPFyf8C91i36aY=
go.opentelemetry.io/auto/sdk v1.1.0 h1:cH53jehLUN6UFLY71z+NDOiNJqDdPRaXzTel0sJySYA=
go.opentelemetry.io/auto/sdk v1.1.0/go.mod h1:3wSPjt5PWp2RhlCcmmOial7AvC4DQqZb7a7wCow3W8A=
go.opentelemetry.io/contrib/propagators/jaeger v1.35.0 h1:UIrZgRBHUrYRlJ4V419lVb4rs2ar0wFzKNAebaP05XU=
go.opentelemetry.io/contrib/propagators/jaeger v1.35.0/go.mod h1:0ciyFyYZxE6JqRAQvIgGRabKWDUmNdW3GAQb6y/RlFU=
go.opentelemetry.io/otel v1.35.0 h1:xKWKPxrxB6OtMCbmMY021CqC45J+3Onta9MqjhnusiQ=
go.opentelemetry.io/otel v1.35.0/go.mod h1:UEqy8Zp11hpkUrL73gSlELM0DupHoiq72dR+Zqel/+Y=
go.opentelemetry.io/otel/metric v1.35.0 h1:0znxYu2SNyuMSQT4Y9WDWej0VpcsxkuklLa4/siN90M=
go.opentelemetry.io/otel/metric v1.35.0/go.mod h1:nKVFgxBZ2fReX6IlyW28MgZojkoAkJGaE8CpgeAU3oE=
go.opentelemetry.io/otel/sdk v1.35.0 h1:iPctf8iprVySXSKJffSS79eOjl9pvxV9ZqOWT0QejKY=
go.opentelemetry.io/otel/sdk v1.35.0/go.mod h1:+ga1bZliga3DxJ3CQGg3updiaAJoNECOgJREo9KHGQg=
go.opentelemetry.io/otel/trace v1.35.0 h1:dPpEfJu1sDIqruz7BHFG3c7528f6ddfSWfFDVt/xgMs=
go.opentelemetry.io/otel/trace v1.35.0/go.mod h1:WUk7DtFp1Aw2MkvqGdwiXYDZZNvA/1J8o6xRXLrIkyc=
go.uber.org/goleak v1.3.0 h1:2K3zAYmnTNqV73imy9J1T3WC+gmCePx2hEGkimedGto=
go.uber.org/goleak v1.3.0/go.mod h1:CoHD4mav9JJNrW/WLlf7HGZPjdw8EucARQHekz1X6bE=
go.uber.org/multierr v1.11.0 h1:blXXJkSxSSfBVBlC76pxqeO+LN3aDfLQo+309xJstO0=
go.uber.org/multierr v1.11.0/go.mod h1:20+QtiLqy0Nd6FdQB9TLXag12DsQkrbs3htMFfDN80Y=
go.uber.org/zap v1.27.0 h1:aJMhYGrd5QSmlpLMr2MftRKl7t8J8PTZPA732ud/XR8=
go.uber.org/zap v1.27.0/go.mod h1:GB2qFLM7cTU87MWRP2mPIjqfIDnGu+VIO4V/SdhGo2E=
golang.org/x/crypto v0.38.0 h1:jt+WWG8IZlBnVbomuhg2Mdq0+BBQaHbtqHEFEigjUV8=
golang.org/x/crypto v0.38.0/go.mod h1:MvrbAqul58NNYPKnOra203SB9vpuZW0e+RRZV+Ggqjw=
golang.org/x/sys v0.33.0 h1:q3i8TbbEz+JRD9ywIRlyRAQbM0qF7hu24q3teo2hbuw=
golang.org/x/sys v0.33.0/go.mod h1:BJP2sWEmIv4KK5OTEluFJCKSidICx8ciO85XgH3Ak8k=
google.golang.org/genproto v0.0.0-20250505200425-f936aa4a68b2 h1:1tXaIXCracvtsRxSBsYDiSBN0cuJvM7QYW+MrpIRY78=
google.golang.org/genproto v0.0.0-20250505200425-f936aa4a68b2/go.mod h1:49MsLSx0oWMOZqcpB3uL8ZOkAh1+TndpJ8ONoCBWiZk=
google.golang.org/protobuf v1.36.6 h1:z1NpPI8ku2WgiWnf+t9wTPsn6eP1L7ksHUlkfLvd9xY=
google.golang.org/protobuf v1.36.6/go.mod h1:jduwjTPXsFjZGTmRluh+L6NjiWu7pchiJ2/5YcXBHnY=
gopkg.in/yaml.v3 v3.0.1 h1:fxVm/GzAzEWqLHuvctI91KS9hhNmmWOoWu0XTYJS7CA=
gopkg.in/yaml.v3 v3.0.1/go.mod h1:K4uyk7z7BCEPqu6E+C64Yfv1cQ7kz7rIZviUmN+EgEM=
